// !$*UTF8*$!
{
	archiveVersion = 1;
	classes = {
	};
	objectVersion = 46;
	objects = {

/* Begin PBXBuildFile section */
		9CA5936A1AE715DC001C5521 /* main.m in Sources */ = {isa = PBXBuildFile; fileRef = 9CA593691AE715DC001C5521 /* main.m */; };
		9CA5936D1AE715DC001C5521 /* AppDelegate.m in Sources */ = {isa = PBXBuildFile; fileRef = 9CA5936C1AE715DC001C5521 /* AppDelegate.m */; };
		9CA593701AE715DC001C5521 /* ViewController.m in Sources */ = {isa = PBXBuildFile; fileRef = 9CA5936F1AE715DC001C5521 /* ViewController.m */; };
		9CA593731AE715DC001C5521 /* Main.storyboard in Resources */ = {isa = PBXBuildFile; fileRef = 9CA593711AE715DC001C5521 /* Main.storyboard */; };
		9CA593751AE715DC001C5521 /* Images.xcassets in Resources */ = {isa = PBXBuildFile; fileRef = 9CA593741AE715DC001C5521 /* Images.xcassets */; };
		9CA593781AE715DD001C5521 /* LaunchScreen.xib in Resources */ = {isa = PBXBuildFile; fileRef = 9CA593761AE715DD001C5521 /* LaunchScreen.xib */; };
		9CA593841AE715DD001C5521 /* MyPathTests.m in Sources */ = {isa = PBXBuildFile; fileRef = 9CA593831AE715DD001C5521 /* MyPathTests.m */; };
		9CBFC8E51AF261F80050D307 /* libsqlite3.dylib in Frameworks */ = {isa = PBXBuildFile; fileRef = 9CBFC8E41AF261F80050D307 /* libsqlite3.dylib */; };
		9CBFC8ED1AF263720050D307 /* Database.m in Sources */ = {isa = PBXBuildFile; fileRef = 9CBFC8EC1AF263720050D307 /* Database.m */; };
		9CBFC8F01AF2659E0050D307 /* DatabaseRow.m in Sources */ = {isa = PBXBuildFile; fileRef = 9CBFC8EF1AF2659E0050D307 /* DatabaseRow.m */; };
		9CBFC9FB1AF2B5780050D307 /* MyPath.db in Resources */ = {isa = PBXBuildFile; fileRef = 9CBFC9FA1AF2B5660050D307 /* MyPath.db */; };
		9CBFC9FF1AF6E94B0050D307 /* LocationsViewController.m in Sources */ = {isa = PBXBuildFile; fileRef = 9CBFC9FE1AF6E94B0050D307 /* LocationsViewController.m */; };
		9CBFCA021AF71DC80050D307 /* MapViewController.m in Sources */ = {isa = PBXBuildFile; fileRef = 9CBFCA011AF71DC80050D307 /* MapViewController.m */; };
/* End PBXBuildFile section */

/* Begin PBXContainerItemProxy section */
		9CA5937E1AE715DD001C5521 /* PBXContainerItemProxy */ = {
			isa = PBXContainerItemProxy;
			containerPortal = 9CA5935C1AE715DB001C5521 /* Project object */;
			proxyType = 1;
			remoteGlobalIDString = 9CA593631AE715DB001C5521;
			remoteInfo = MyPath;
		};
/* End PBXContainerItemProxy section */

/* Begin PBXFileReference section */
		9CA593641AE715DB001C5521 /* MyPath.app */ = {isa = PBXFileReference; explicitFileType = wrapper.application; includeInIndex = 0; path = MyPath.app; sourceTree = BUILT_PRODUCTS_DIR; };
		9CA593681AE715DC001C5521 /* Info.plist */ = {isa = PBXFileReference; lastKnownFileType = text.plist.xml; path = Info.plist; sourceTree = "<group>"; };
		9CA593691AE715DC001C5521 /* main.m */ = {isa = PBXFileReference; lastKnownFileType = sourcecode.c.objc; path = main.m; sourceTree = "<group>"; };
		9CA5936B1AE715DC001C5521 /* AppDelegate.h */ = {isa = PBXFileReference; lastKnownFileType = sourcecode.c.h; path = AppDelegate.h; sourceTree = "<group>"; };
		9CA5936C1AE715DC001C5521 /* AppDelegate.m */ = {isa = PBXFileReference; lastKnownFileType = sourcecode.c.objc; path = AppDelegate.m; sourceTree = "<group>"; };
		9CA5936E1AE715DC001C5521 /* ViewController.h */ = {isa = PBXFileReference; lastKnownFileType = sourcecode.c.h; path = ViewController.h; sourceTree = "<group>"; };
		9CA5936F1AE715DC001C5521 /* ViewController.m */ = {isa = PBXFileReference; lastKnownFileType = sourcecode.c.objc; path = ViewController.m; sourceTree = "<group>"; };
		9CA593721AE715DC001C5521 /* Base */ = {isa = PBXFileReference; lastKnownFileType = file.storyboard; name = Base; path = Base.lproj/Main.storyboard; sourceTree = "<group>"; };
		9CA593741AE715DC001C5521 /* Images.xcassets */ = {isa = PBXFileReference; lastKnownFileType = folder.assetcatalog; path = Images.xcassets; sourceTree = "<group>"; };
		9CA593771AE715DD001C5521 /* Base */ = {isa = PBXFileReference; lastKnownFileType = file.xib; name = Base; path = Base.lproj/LaunchScreen.xib; sourceTree = "<group>"; };
		9CA5937D1AE715DD001C5521 /* MyPathTests.xctest */ = {isa = PBXFileReference; explicitFileType = wrapper.cfbundle; includeInIndex = 0; path = MyPathTests.xctest; sourceTree = BUILT_PRODUCTS_DIR; };
		9CA593821AE715DD001C5521 /* Info.plist */ = {isa = PBXFileReference; lastKnownFileType = text.plist.xml; path = Info.plist; sourceTree = "<group>"; };
		9CA593831AE715DD001C5521 /* MyPathTests.m */ = {isa = PBXFileReference; lastKnownFileType = sourcecode.c.objc; path = MyPathTests.m; sourceTree = "<group>"; };
		9CBFC8E41AF261F80050D307 /* libsqlite3.dylib */ = {isa = PBXFileReference; lastKnownFileType = "compiled.mach-o.dylib"; name = libsqlite3.dylib; path = usr/lib/libsqlite3.dylib; sourceTree = SDKROOT; };
		9CBFC8EB1AF263720050D307 /* Database.h */ = {isa = PBXFileReference; fileEncoding = 4; lastKnownFileType = sourcecode.c.h; path = Database.h; sourceTree = "<group>"; };
		9CBFC8EC1AF263720050D307 /* Database.m */ = {isa = PBXFileReference; fileEncoding = 4; lastKnownFileType = sourcecode.c.objc; path = Database.m; sourceTree = "<group>"; };
		9CBFC8EE1AF2659E0050D307 /* DatabaseRow.h */ = {isa = PBXFileReference; fileEncoding = 4; lastKnownFileType = sourcecode.c.h; path = DatabaseRow.h; sourceTree = "<group>"; };
		9CBFC8EF1AF2659E0050D307 /* DatabaseRow.m */ = {isa = PBXFileReference; fileEncoding = 4; lastKnownFileType = sourcecode.c.objc; path = DatabaseRow.m; sourceTree = "<group>"; };
		9CBFC9FA1AF2B5660050D307 /* MyPath.db */ = {isa = PBXFileReference; lastKnownFileType = file; path = MyPath.db; sourceTree = "<group>"; };
		9CBFC9FC1AF40B490050D307 /* AppConfig.h */ = {isa = PBXFileReference; lastKnownFileType = sourcecode.c.h; path = AppConfig.h; sourceTree = "<group>"; };
		9CBFC9FD1AF6E94B0050D307 /* LocationsViewController.h */ = {isa = PBXFileReference; fileEncoding = 4; lastKnownFileType = sourcecode.c.h; path = LocationsViewController.h; sourceTree = "<group>"; };
		9CBFC9FE1AF6E94B0050D307 /* LocationsViewController.m */ = {isa = PBXFileReference; fileEncoding = 4; lastKnownFileType = sourcecode.c.objc; path = LocationsViewController.m; sourceTree = "<group>"; };
		9CBFCA001AF71DC80050D307 /* MapViewController.h */ = {isa = PBXFileReference; fileEncoding = 4; lastKnownFileType = sourcecode.c.h; path = MapViewController.h; sourceTree = "<group>"; };
		9CBFCA011AF71DC80050D307 /* MapViewController.m */ = {isa = PBXFileReference; fileEncoding = 4; lastKnownFileType = sourcecode.c.objc; path = MapViewController.m; sourceTree = "<group>"; };
/* End PBXFileReference section */

/* Begin PBXFrameworksBuildPhase section */
		9CA593611AE715DB001C5521 /* Frameworks */ = {
			isa = PBXFrameworksBuildPhase;
			buildActionMask = 2147483647;
			files = (
				9CBFC8E51AF261F80050D307 /* libsqlite3.dylib in Frameworks */,
			);
			runOnlyForDeploymentPostprocessing = 0;
		};
		9CA5937A1AE715DD001C5521 /* Frameworks */ = {
			isa = PBXFrameworksBuildPhase;
			buildActionMask = 2147483647;
			files = (
			);
			runOnlyForDeploymentPostprocessing = 0;
		};
/* End PBXFrameworksBuildPhase section */

/* Begin PBXGroup section */
		9CA5935B1AE715DB001C5521 = {
			isa = PBXGroup;
			children = (
				9CA593661AE715DB001C5521 /* MyPath */,
				9CA593801AE715DD001C5521 /* MyPathTests */,
				9CA593651AE715DB001C5521 /* Products */,
			);
			sourceTree = "<group>";
		};
		9CA593651AE715DB001C5521 /* Products */ = {
			isa = PBXGroup;
			children = (
				9CA593641AE715DB001C5521 /* MyPath.app */,
				9CA5937D1AE715DD001C5521 /* MyPathTests.xctest */,
			);
			name = Products;
			sourceTree = "<group>";
		};
		9CA593661AE715DB001C5521 /* MyPath */ = {
			isa = PBXGroup;
			children = (
				9CBFC8E61AF262040050D307 /* Frameworks */,
				9CBFC8E71AF2622E0050D307 /* Classes */,
				9CA593901AE716AA001C5521 /* Images */,
				9CA5938F1AE7169C001C5521 /* Controllers */,
				9CA5938E1AE71656001C5521 /* User Interface */,
				9CA5938D1AE7163E001C5521 /* Root */,
				9CA593671AE715DC001C5521 /* Supporting Files */,
			);
			path = MyPath;
			sourceTree = "<group>";
		};
		9CA593671AE715DC001C5521 /* Supporting Files */ = {
			isa = PBXGroup;
			children = (
				9CBFC9FA1AF2B5660050D307 /* MyPath.db */,
				9CA593681AE715DC001C5521 /* Info.plist */,
				9CA593691AE715DC001C5521 /* main.m */,
			);
			name = "Supporting Files";
			sourceTree = "<group>";
		};
		9CA593801AE715DD001C5521 /* MyPathTests */ = {
			isa = PBXGroup;
			children = (
				9CA593831AE715DD001C5521 /* MyPathTests.m */,
				9CA593811AE715DD001C5521 /* Supporting Files */,
			);
			path = MyPathTests;
			sourceTree = "<group>";
		};
		9CA593811AE715DD001C5521 /* Supporting Files */ = {
			isa = PBXGroup;
			children = (
				9CA593821AE715DD001C5521 /* Info.plist */,
			);
			name = "Supporting Files";
			sourceTree = "<group>";
		};
		9CA5938D1AE7163E001C5521 /* Root */ = {
			isa = PBXGroup;
			children = (
				9CA5936B1AE715DC001C5521 /* AppDelegate.h */,
				9CA5936C1AE715DC001C5521 /* AppDelegate.m */,
				9CBFC9FC1AF40B490050D307 /* AppConfig.h */,
			);
			name = Root;
			sourceTree = "<group>";
		};
		9CA5938E1AE71656001C5521 /* User Interface */ = {
			isa = PBXGroup;
			children = (
				9CA593711AE715DC001C5521 /* Main.storyboard */,
				9CA593761AE715DD001C5521 /* LaunchScreen.xib */,
			);
			name = "User Interface";
			sourceTree = "<group>";
		};
		9CA5938F1AE7169C001C5521 /* Controllers */ = {
			isa = PBXGroup;
			children = (
				9CA5936E1AE715DC001C5521 /* ViewController.h */,
				9CA5936F1AE715DC001C5521 /* ViewController.m */,
				9CBFC9FD1AF6E94B0050D307 /* LocationsViewController.h */,
				9CBFC9FE1AF6E94B0050D307 /* LocationsViewController.m */,
				9CBFCA001AF71DC80050D307 /* MapViewController.h */,
				9CBFCA011AF71DC80050D307 /* MapViewController.m */,
			);
			name = Controllers;
			sourceTree = "<group>";
		};
		9CA593901AE716AA001C5521 /* Images */ = {
			isa = PBXGroup;
			children = (
				9CA593741AE715DC001C5521 /* Images.xcassets */,
			);
			name = Images;
			sourceTree = "<group>";
		};
		9CBFC8E61AF262040050D307 /* Frameworks */ = {
			isa = PBXGroup;
			children = (
				9CBFC8E41AF261F80050D307 /* libsqlite3.dylib */,
			);
			name = Frameworks;
			sourceTree = "<group>";
		};
		9CBFC8E71AF2622E0050D307 /* Classes */ = {
			isa = PBXGroup;
			children = (
				9CBFC8EB1AF263720050D307 /* Database.h */,
				9CBFC8EC1AF263720050D307 /* Database.m */,
				9CBFC8EE1AF2659E0050D307 /* DatabaseRow.h */,
				9CBFC8EF1AF2659E0050D307 /* DatabaseRow.m */,
			);
			name = Classes;
			sourceTree = "<group>";
		};
/* End PBXGroup section */

/* Begin PBXNativeTarget section */
		9CA593631AE715DB001C5521 /* MyPath */ = {
			isa = PBXNativeTarget;
			buildConfigurationList = 9CA593871AE715DD001C5521 /* Build configuration list for PBXNativeTarget "MyPath" */;
			buildPhases = (
				9CA593601AE715DB001C5521 /* Sources */,
				9CA593611AE715DB001C5521 /* Frameworks */,
				9CA593621AE715DB001C5521 /* Resources */,
			);
			buildRules = (
			);
			dependencies = (
			);
			name = MyPath;
			productName = MyPath;
			productReference = 9CA593641AE715DB001C5521 /* MyPath.app */;
			productType = "com.apple.product-type.application";
		};
		9CA5937C1AE715DD001C5521 /* MyPathTests */ = {
			isa = PBXNativeTarget;
			buildConfigurationList = 9CA5938A1AE715DD001C5521 /* Build configuration list for PBXNativeTarget "MyPathTests" */;
			buildPhases = (
				9CA593791AE715DD001C5521 /* Sources */,
				9CA5937A1AE715DD001C5521 /* Frameworks */,
				9CA5937B1AE715DD001C5521 /* Resources */,
			);
			buildRules = (
			);
			dependencies = (
				9CA5937F1AE715DD001C5521 /* PBXTargetDependency */,
			);
			name = MyPathTests;
			productName = MyPathTests;
			productReference = 9CA5937D1AE715DD001C5521 /* MyPathTests.xctest */;
			productType = "com.apple.product-type.bundle.unit-test";
		};
/* End PBXNativeTarget section */

/* Begin PBXProject section */
		9CA5935C1AE715DB001C5521 /* Project object */ = {
			isa = PBXProject;
			attributes = {
				LastUpgradeCheck = 0630;
				ORGANIZATIONNAME = "Marcelo Sampaio";
				TargetAttributes = {
					9CA593631AE715DB001C5521 = {
						CreatedOnToolsVersion = 6.3;
						SystemCapabilities = {
							com.apple.BackgroundModes = {
								enabled = 1;
							};
						};
					};
					9CA5937C1AE715DD001C5521 = {
						CreatedOnToolsVersion = 6.3;
						TestTargetID = 9CA593631AE715DB001C5521;
					};
				};
			};
			buildConfigurationList = 9CA5935F1AE715DB001C5521 /* Build configuration list for PBXProject "MyPath" */;
			compatibilityVersion = "Xcode 3.2";
			developmentRegion = English;
			hasScannedForEncodings = 0;
			knownRegions = (
				en,
				Base,
			);
			mainGroup = 9CA5935B1AE715DB001C5521;
			productRefGroup = 9CA593651AE715DB001C5521 /* Products */;
			projectDirPath = "";
			projectRoot = "";
			targets = (
				9CA593631AE715DB001C5521 /* MyPath */,
				9CA5937C1AE715DD001C5521 /* MyPathTests */,
			);
		};
/* End PBXProject section */

/* Begin PBXResourcesBuildPhase section */
		9CA593621AE715DB001C5521 /* Resources */ = {
			isa = PBXResourcesBuildPhase;
			buildActionMask = 2147483647;
			files = (
				9CBFC9FB1AF2B5780050D307 /* MyPath.db in Resources */,
				9CA593731AE715DC001C5521 /* Main.storyboard in Resources */,
				9CA593781AE715DD001C5521 /* LaunchScreen.xib in Resources */,
				9CA593751AE715DC001C5521 /* Images.xcassets in Resources */,
			);
			runOnlyForDeploymentPostprocessing = 0;
		};
		9CA5937B1AE715DD001C5521 /* Resources */ = {
			isa = PBXResourcesBuildPhase;
			buildActionMask = 2147483647;
			files = (
			);
			runOnlyForDeploymentPostprocessing = 0;
		};
/* End PBXResourcesBuildPhase section */

/* Begin PBXSourcesBuildPhase section */
		9CA593601AE715DB001C5521 /* Sources */ = {
			isa = PBXSourcesBuildPhase;
			buildActionMask = 2147483647;
			files = (
				9CA593701AE715DC001C5521 /* ViewController.m in Sources */,
				9CBFC8F01AF2659E0050D307 /* DatabaseRow.m in Sources */,
				9CA5936D1AE715DC001C5521 /* AppDelegate.m in Sources */,
				9CBFC8ED1AF263720050D307 /* Database.m in Sources */,
				9CA5936A1AE715DC001C5521 /* main.m in Sources */,
				9CBFC9FF1AF6E94B0050D307 /* LocationsViewController.m in Sources */,
				9CBFCA021AF71DC80050D307 /* MapViewController.m in Sources */,
			);
			runOnlyForDeploymentPostprocessing = 0;
		};
		9CA593791AE715DD001C5521 /* Sources */ = {
			isa = PBXSourcesBuildPhase;
			buildActionMask = 2147483647;
			files = (
				9CA593841AE715DD001C5521 /* MyPathTests.m in Sources */,
			);
			runOnlyForDeploymentPostprocessing = 0;
		};
/* End PBXSourcesBuildPhase section */

/* Begin PBXTargetDependency section */
		9CA5937F1AE715DD001C5521 /* PBXTargetDependency */ = {
			isa = PBXTargetDependency;
			target = 9CA593631AE715DB001C5521 /* MyPath */;
			targetProxy = 9CA5937E1AE715DD001C5521 /* PBXContainerItemProxy */;
		};
/* End PBXTargetDependency section */

/* Begin PBXVariantGroup section */
		9CA593711AE715DC001C5521 /* Main.storyboard */ = {
			isa = PBXVariantGroup;
			children = (
				9CA593721AE715DC001C5521 /* Base */,
			);
			name = Main.storyboard;
			sourceTree = "<group>";
		};
		9CA593761AE715DD001C5521 /* LaunchScreen.xib */ = {
			isa = PBXVariantGroup;
			children = (
				9CA593771AE715DD001C5521 /* Base */,
			);
			name = LaunchScreen.xib;
			sourceTree = "<group>";
		};
/* End PBXVariantGroup section */

/* Begin XCBuildConfiguration section */
		9CA593851AE715DD001C5521 /* Debug */ = {
			isa = XCBuildConfiguration;
			buildSettings = {
				ALWAYS_SEARCH_USER_PATHS = NO;
				CLANG_CXX_LANGUAGE_STANDARD = "gnu++0x";
				CLANG_CXX_LIBRARY = "libc++";
				CLANG_ENABLE_MODULES = YES;
				CLANG_ENABLE_OBJC_ARC = YES;
				CLANG_WARN_BOOL_CONVERSION = YES;
				CLANG_WARN_CONSTANT_CONVERSION = YES;
				CLANG_WARN_DIRECT_OBJC_ISA_USAGE = YES_ERROR;
				CLANG_WARN_EMPTY_BODY = YES;
				CLANG_WARN_ENUM_CONVERSION = YES;
				CLANG_WARN_INT_CONVERSION = YES;
				CLANG_WARN_OBJC_ROOT_CLASS = YES_ERROR;
				CLANG_WARN_UNREACHABLE_CODE = YES;
				CLANG_WARN__DUPLICATE_METHOD_MATCH = YES;
				"CODE_SIGN_IDENTITY[sdk=iphoneos*]" = "iPhone Developer";
				COPY_PHASE_STRIP = NO;
				DEBUG_INFORMATION_FORMAT = "dwarf-with-dsym";
				ENABLE_STRICT_OBJC_MSGSEND = YES;
				GCC_C_LANGUAGE_STANDARD = gnu99;
				GCC_DYNAMIC_NO_PIC = NO;
				GCC_NO_COMMON_BLOCKS = YES;
				GCC_OPTIMIZATION_LEVEL = 0;
				GCC_PREPROCESSOR_DEFINITIONS = (
					"DEBUG=1",
					"$(inherited)",
				);
				GCC_SYMBOLS_PRIVATE_EXTERN = NO;
				GCC_WARN_64_TO_32_BIT_CONVERSION = YES;
				GCC_WARN_ABOUT_RETURN_TYPE = YES_ERROR;
				GCC_WARN_UNDECLARED_SELECTOR = YES;
				GCC_WARN_UNINITIALIZED_AUTOS = YES_AGGRESSIVE;
				GCC_WARN_UNUSED_FUNCTION = YES;
				GCC_WARN_UNUSED_VARIABLE = YES;
				IPHONEOS_DEPLOYMENT_TARGET = 8.3;
				MTL_ENABLE_DEBUG_INFO = YES;
				ONLY_ACTIVE_ARCH = YES;
				SDKROOT = iphoneos;
			};
			name = Debug;
		};
		9CA593861AE715DD001C5521 /* Release */ = {
			isa = XCBuildConfiguration;
			buildSettings = {
				ALWAYS_SEARCH_USER_PATHS = NO;
				CLANG_CXX_LANGUAGE_STANDARD = "gnu++0x";
				CLANG_CXX_LIBRARY = "libc++";
				CLANG_ENABLE_MODULES = YES;
				CLANG_ENABLE_OBJC_ARC = YES;
				CLANG_WARN_BOOL_CONVERSION = YES;
				CLANG_WARN_CONSTANT_CONVERSION = YES;
				CLANG_WARN_DIRECT_OBJC_ISA_USAGE = YES_ERROR;
				CLANG_WARN_EMPTY_BODY = YES;
				CLANG_WARN_ENUM_CONVERSION = YES;
				CLANG_WARN_INT_CONVERSION = YES;
				CLANG_WARN_OBJC_ROOT_CLASS = YES_ERROR;
				CLANG_WARN_UNREACHABLE_CODE = YES;
				CLANG_WARN__DUPLICATE_METHOD_MATCH = YES;
				"CODE_SIGN_IDENTITY[sdk=iphoneos*]" = "iPhone Developer";
				COPY_PHASE_STRIP = NO;
				DEBUG_INFORMATION_FORMAT = "dwarf-with-dsym";
				ENABLE_NS_ASSERTIONS = NO;
				ENABLE_STRICT_OBJC_MSGSEND = YES;
				GCC_C_LANGUAGE_STANDARD = gnu99;
				GCC_NO_COMMON_BLOCKS = YES;
				GCC_WARN_64_TO_32_BIT_CONVERSION = YES;
				GCC_WARN_ABOUT_RETURN_TYPE = YES_ERROR;
				GCC_WARN_UNDECLARED_SELECTOR = YES;
				GCC_WARN_UNINITIALIZED_AUTOS = YES_AGGRESSIVE;
				GCC_WARN_UNUSED_FUNCTION = YES;
				GCC_WARN_UNUSED_VARIABLE = YES;
				IPHONEOS_DEPLOYMENT_TARGET = 8.3;
				MTL_ENABLE_DEBUG_INFO = NO;
				SDKROOT = iphoneos;
				VALIDATE_PRODUCT = YES;
			};
			name = Release;
		};
		9CA593881AE715DD001C5521 /* Debug */ = {
			isa = XCBuildConfiguration;
			buildSettings = {
				ASSETCATALOG_COMPILER_APPICON_NAME = AppIcon;
				GCC_PRECOMPILE_PREFIX_HEADER = YES;
				INFOPLIST_FILE = MyPath/Info.plist;
				LD_RUNPATH_SEARCH_PATHS = "$(inherited) @executable_path/Frameworks";
				PRECOMPS_INCLUDE_HEADERS_FROM_BUILT_PRODUCTS_DIR = YES;
				PRODUCT_NAME = "$(TARGET_NAME)";
			};
			name = Debug;
		};
		9CA593891AE715DD001C5521 /* Release */ = {
			isa = XCBuildConfiguration;
			buildSettings = {
				ASSETCATALOG_COMPILER_APPICON_NAME = AppIcon;
				GCC_PRECOMPILE_PREFIX_HEADER = YES;
				INFOPLIST_FILE = MyPath/Info.plist;
				LD_RUNPATH_SEARCH_PATHS = "$(inherited) @executable_path/Frameworks";
				PRECOMPS_INCLUDE_HEADERS_FROM_BUILT_PRODUCTS_DIR = YES;
				PRODUCT_NAME = "$(TARGET_NAME)";
			};
			name = Release;
		};
		9CA5938B1AE715DD001C5521 /* Debug */ = {
			isa = XCBuildConfiguration;
			buildSettings = {
				BUNDLE_LOADER = "$(TEST_HOST)";
				FRAMEWORK_SEARCH_PATHS = (
					"$(SDKROOT)/Developer/Library/Frameworks",
					"$(inherited)",
				);
				GCC_PREPROCESSOR_DEFINITIONS = (
					"DEBUG=1",
					"$(inherited)",
				);
				INFOPLIST_FILE = MyPathTests/Info.plist;
				LD_RUNPATH_SEARCH_PATHS = "$(inherited) @executable_path/Frameworks @loader_path/Frameworks";
				PRODUCT_NAME = "$(TARGET_NAME)";
				TEST_HOST = "$(BUILT_PRODUCTS_DIR)/MyPath.app/MyPath";
			};
			name = Debug;
		};
		9CA5938C1AE715DD001C5521 /* Release */ = {
			isa = XCBuildConfiguration;
			buildSettings = {
				BUNDLE_LOADER = "$(TEST_HOST)";
				FRAMEWORK_SEARCH_PATHS = (
					"$(SDKROOT)/Developer/Library/Frameworks",
					"$(inherited)",
				);
				INFOPLIST_FILE = MyPathTests/Info.plist;
				LD_RUNPATH_SEARCH_PATHS = "$(inherited) @executable_path/Frameworks @loader_path/Frameworks";
				PRODUCT_NAME = "$(TARGET_NAME)";
				TEST_HOST = "$(BUILT_PRODUCTS_DIR)/MyPath.app/MyPath";
			};
			name = Release;
		};
/* End XCBuildConfiguration section */

/* Begin XCConfigurationList section */
		9CA5935F1AE715DB001C5521 /* Build configuration list for PBXProject "MyPath" */ = {
			isa = XCConfigurationList;
			buildConfigurations = (
				9CA593851AE715DD001C5521 /* Debug */,
				9CA593861AE715DD001C5521 /* Release */,
			);
			defaultConfigurationIsVisible = 0;
			defaultConfigurationName = Release;
		};
		9CA593871AE715DD001C5521 /* Build configuration list for PBXNativeTarget "MyPath" */ = {
			isa = XCConfigurationList;
			buildConfigurations = (
				9CA593881AE715DD001C5521 /* Debug */,
				9CA593891AE715DD001C5521 /* Release */,
			);
			defaultConfigurationIsVisible = 0;
			defaultConfigurationName = Release;
		};
		9CA5938A1AE715DD001C5521 /* Build configuration list for PBXNativeTarget "MyPathTests" */ = {
			isa = XCConfigurationList;
			buildConfigurations = (
				9CA5938B1AE715DD001C5521 /* Debug */,
				9CA5938C1AE715DD001C5521 /* Release */,
			);
			defaultConfigurationIsVisible = 0;
			defaultConfigurationName = Release;
		};
/* End XCConfigurationList section */
	};
	rootObject = 9CA5935C1AE715DB001C5521 /* Project object */;
}
